<?xml version="1.0" encoding="utf-8"?>
<Project ToolsVersion="4.0" xmlns="http://schemas.microsoft.com/developer/msbuild/2003">
  <ItemGroup>
    <Filter Include="Source Files">
      <UniqueIdentifier>{4FC737F1-C7A5-4376-A066-2A32D752A2FF}</UniqueIdentifier>
      <Extensions>cpp;c;cxx;cc;s;asm</Extensions>
    </Filter>
    <Filter Include="Header Files">
      <UniqueIdentifier>{93995380-89BD-4b04-88EB-625FBE52EBFB}</UniqueIdentifier>
      <Extensions>h;hpp</Extensions>
    </Filter>
    <Filter Include="Source Files\GamePlay">
      <UniqueIdentifier>{6adf9002-9dbe-433d-acda-a8283d064782}</UniqueIdentifier>
    </Filter>
    <Filter Include="Header Files\Physics">
      <UniqueIdentifier>{489d9864-636a-4330-9e17-abcab2a46e5d}</UniqueIdentifier>
    </Filter>
    <Filter Include="Header Files\Graphics">
      <UniqueIdentifier>{373f07b9-5772-41fc-9efd-0a37131840db}</UniqueIdentifier>
    </Filter>
    <Filter Include="Header Files\Common">
      <UniqueIdentifier>{d5e8a518-893e-4793-bade-f6fddfd5566c}</UniqueIdentifier>
    </Filter>
    <Filter Include="Header Files\GamePlay">
      <UniqueIdentifier>{0c090d19-473e-4b22-a5af-949270e74875}</UniqueIdentifier>
    </Filter>
    <Filter Include="Source Files\Physics">
      <UniqueIdentifier>{21921a1c-adb0-453d-ae52-309407f5aa3a}</UniqueIdentifier>
    </Filter>
    <Filter Include="Source Files\Graphics">
      <UniqueIdentifier>{36943334-dc10-4745-9001-3991413b1b7a}</UniqueIdentifier>
    </Filter>
    <Filter Include="Source Files\Common">
      <UniqueIdentifier>{ca05b85c-810b-4def-a073-d32fd3f36969}</UniqueIdentifier>
    </Filter>
    <Filter Include="Header Files\SPU Calcs">
      <UniqueIdentifier>{f8da6233-9b93-4981-a52f-257368f998a4}</UniqueIdentifier>
    </Filter>
  </ItemGroup>
  <ItemGroup>
    <ClInclude Include="GameClass.h">
      <Filter>Header Files\GamePlay</Filter>
    </ClInclude>
    <ClInclude Include="GCMRenderer.h">
      <Filter>Header Files\Graphics</Filter>
    </ClInclude>
    <ClInclude Include="Camera.h">
      <Filter>Header Files\Graphics</Filter>
    </ClInclude>
    <ClInclude Include="Renderer.h">
      <Filter>Header Files\Graphics</Filter>
    </ClInclude>
    <ClInclude Include="SceneNode.h">
      <Filter>Header Files\Graphics</Filter>
    </ClInclude>
    <ClInclude Include="Shader.h">
      <Filter>Header Files\Graphics</Filter>
    </ClInclude>
    <ClInclude Include="common.h">
      <Filter>Header Files\Common</Filter>
    </ClInclude>
    <ClInclude Include="Input.h">
      <Filter>Header Files\Common</Filter>
    </ClInclude>
    <ClInclude Include="Timer.h">
      <Filter>Header Files\Common</Filter>
    </ClInclude>
    <ClInclude Include="Mesh.h">
      <Filter>Header Files\Graphics</Filter>
    </ClInclude>
    <ClInclude Include="stdafx.h">
      <Filter>Header Files\Common</Filter>
    </ClInclude>
    <ClInclude Include="GameEntity.h">
      <Filter>Header Files\GamePlay</Filter>
    </ClInclude>
    <ClInclude Include="PhysicsSystem.h">
      <Filter>Header Files\Physics</Filter>
    </ClInclude>
    <ClInclude Include="PhysicsNode.h">
      <Filter>Header Files\Physics</Filter>
    </ClInclude>
    <ClInclude Include="Quaternion.h">
      <Filter>Header Files\Common</Filter>
    </ClInclude>
    <ClInclude Include="CollisionVolume.h">
      <Filter>Header Files\Physics</Filter>
    </ClInclude>
    <ClInclude Include="CollisionHelper.h">
      <Filter>Header Files\Physics</Filter>
    </ClInclude>
    <ClInclude Include="CameraNode.h">
      <Filter>Header Files\Graphics</Filter>
    </ClInclude>
    <ClInclude Include="Game.h">
      <Filter>Header Files\GamePlay</Filter>
    </ClInclude>
    <ClInclude Include="VectorAid.h">
      <Filter>Header Files\Common</Filter>
    </ClInclude>
    <ClInclude Include="Light.h">
      <Filter>Header Files\Graphics</Filter>
    </ClInclude>
    <ClInclude Include="matrixshared.h">
      <Filter>Header Files</Filter>
    </ClInclude>
    <ClInclude Include="AIController.h">
      <Filter>Header Files\GamePlay</Filter>
    </ClInclude>
    <ClInclude Include="EntityFreeList.h">
      <Filter>Header Files\GamePlay</Filter>
    </ClInclude>
    <ClInclude Include="Observer.h">
      <Filter>Header Files\GamePlay</Filter>
    </ClInclude>
    <ClInclude Include="PlayerClass.h">
      <Filter>Header Files\GamePlay</Filter>
    </ClInclude>
    <ClInclude Include="Spawner.h">
      <Filter>Header Files\GamePlay</Filter>
    </ClInclude>
    <ClInclude Include="Subject.h">
      <Filter>Header Files\GamePlay</Filter>
    </ClInclude>
    <ClInclude Include="TextMesh.h">
      <Filter>Header Files\Graphics</Filter>
    </ClInclude>
  </ItemGroup>
  <ItemGroup>
    <ClCompile Include="main.cpp">
      <Filter>Source Files</Filter>
    </ClCompile>
    <ClCompile Include="GameClass.cpp">
      <Filter>Source Files\GamePlay</Filter>
    </ClCompile>
    <ClCompile Include="Camera.cpp">
      <Filter>Source Files\Graphics</Filter>
    </ClCompile>
    <ClCompile Include="Mesh.cpp">
      <Filter>Source Files\Graphics</Filter>
    </ClCompile>
    <ClCompile Include="Renderer.cpp">
      <Filter>Source Files\Graphics</Filter>
    </ClCompile>
    <ClCompile Include="SceneNode.cpp">
      <Filter>Source Files\Graphics</Filter>
    </ClCompile>
    <ClCompile Include="Shader.cpp">
      <Filter>Source Files\Graphics</Filter>
    </ClCompile>
    <ClCompile Include="Input.cpp">
      <Filter>Source Files\Common</Filter>
    </ClCompile>
    <ClCompile Include="Timer.cpp">
      <Filter>Source Files\Common</Filter>
    </ClCompile>
    <ClCompile Include="stdafx.cpp">
      <Filter>Source Files\Common</Filter>
    </ClCompile>
    <ClCompile Include="GameEntity.cpp">
      <Filter>Source Files\GamePlay</Filter>
    </ClCompile>
    <ClCompile Include="PhysicsSystem.cpp">
      <Filter>Source Files\Physics</Filter>
    </ClCompile>
    <ClCompile Include="PhysicsNode.cpp">
      <Filter>Source Files\Physics</Filter>
    </ClCompile>
    <ClCompile Include="Quaternion.cpp">
      <Filter>Source Files\Common</Filter>
    </ClCompile>
    <ClCompile Include="CollisionHelper.cpp">
      <Filter>Source Files\Physics</Filter>
    </ClCompile>
    <ClCompile Include="Game.cpp">
      <Filter>Source Files\GamePlay</Filter>
    </ClCompile>
    <ClCompile Include="GCMRenderer.cpp">
      <Filter>Source Files\Graphics</Filter>
    </ClCompile>
    <ClCompile Include="EntityFreeList.cpp">
      <Filter>Source Files\GamePlay</Filter>
    </ClCompile>
    <ClCompile Include="Spawner.cpp">
      <Filter>Source Files\GamePlay</Filter>
    </ClCompile>
    <ClCompile Include="TextMesh.cpp">
      <Filter>Source Files\Graphics</Filter>
    </ClCompile>
    <ClCompile Include="PlayerClass.cpp">
      <Filter>Source Files\GamePlay</Filter>
    </ClCompile>
    <ClCompile Include="AIController.cpp">
      <Filter>Source Files\GamePlay</Filter>
    </ClCompile>
  </ItemGroup>
</Project>